
Microsoft Visual Studio Solution File, Format Version 12.00
Project("{FAE04EC0-301F-11D3-BF4B-00C04F79EFBC}") = "GameLogic", "GameLogic.csproj", "{61D43BD7-8D52-48E4-91C4-456AA71E9598}"
EndProject
Global
	GlobalSection(SolutionConfigurationPlatforms) = preSolution
		Debug|Any CPU = Debug|Any CPU
		Release|Any CPU = Release|Any CPU
	EndGlobalSection
	GlobalSection(ProjectConfigurationPlatforms) = postSolution
		{61D43BD7-8D52-48E4-91C4-456AA71E9598}.Debug|Any CPU.ActiveCfg = Debug|Any CPU
		{61D43BD7-8D52-48E4-91C4-456AA71E9598}.Debug|Any CPU.Build.0 = Debug|Any CPU
		{61D43BD7-8D52-48E4-91C4-456AA71E9598}.Release|Any CPU.ActiveCfg = Release|Any CPU
		{61D43BD7-8D52-48E4-91C4-456AA71E9598}.Release|Any CPU.Build.0 = Release|Any CPU
	EndGlobalSection
EndGlobal
